
Microsoft Visual Studio Solution File, Format Version 12.00
# Visual Studio Version 16
VisualStudioVersion = 16.0.31702.278
MinimumVisualStudioVersion = 10.0.40219.1
Project("{FAE04EC0-301F-11D3-BF4B-00C04F79EFBC}") = "BotCH", "BotCH\BotCH.csproj", "{74F45BB7-144C-43CA-8A6E-B7D2CFCE9A46}"
EndProject
Global
	GlobalSection(SolutionConfigurationPlatforms) = preSolution
		Debug|Any CPU = Debug|Any CPU
		Debug|x86 = Debug|x86
		Release|Any CPU = Release|Any CPU
		Release|x86 = Release|x86
	EndGlobalSection
	GlobalSection(ProjectConfigurationPlatforms) = postSolution
		{74F45BB7-144C-43CA-8A6E-B7D2CFCE9A46}.Debug|Any CPU.ActiveCfg = Debug|Any CPU
		{74F45BB7-144C-43CA-8A6E-B7D2CFCE9A46}.Debug|Any CPU.Build.0 = Debug|Any CPU
		{74F45BB7-144C-43CA-8A6E-B7D2CFCE9A46}.Debug|x86.ActiveCfg = Debug|x86
		{74F45BB7-144C-43CA-8A6E-B7D2CFCE9A46}.Debug|x86.Build.0 = Debug|x86
		{74F45BB7-144C-43CA-8A6E-B7D2CFCE9A46}.Release|Any CPU.ActiveCfg = Release|Any CPU
		{74F45BB7-144C-43CA-8A6E-B7D2CFCE9A46}.Release|Any CPU.Build.0 = Release|Any CPU
		{74F45BB7-144C-43CA-8A6E-B7D2CFCE9A46}.Release|x86.ActiveCfg = Release|x86
		{74F45BB7-144C-43CA-8A6E-B7D2CFCE9A46}.Release|x86.Build.0 = Release|x86
	EndGlobalSection
	GlobalSection(SolutionProperties) = preSolution
		HideSolutionNode = FALSE
	EndGlobalSection
	GlobalSection(ExtensibilityGlobals) = postSolution
		SolutionGuid = {3611FB9D-A4C3-4222-805C-4BE2340F56B1}
	EndGlobalSection
EndGlobal
